// !$*UTF8*$!
{
	archiveVersion = 1;
	classes = {
	};
	objectVersion = 56;
	objects = {

/* Begin PBXBuildFile section */
		3224AD1FE9AF101C1D8A66E3 /* Pods_sweat_social.framework in Frameworks */ = {isa = PBXBuildFile; fileRef = 3F7F9EEE80D4532A1972856A /* Pods_sweat_social.framework */; };
		A17BC4052CFBE331000B1210 /* AppDelegate.swift in Sources */ = {isa = PBXBuildFile; fileRef = A17BC4042CFBE331000B1210 /* AppDelegate.swift */; };
		A17BC4072CFBE331000B1210 /* SceneDelegate.swift in Sources */ = {isa = PBXBuildFile; fileRef = A17BC4062CFBE331000B1210 /* SceneDelegate.swift */; };
		A17BC40C2CFBE331000B1210 /* Base in Resources */ = {isa = PBXBuildFile; fileRef = A17BC40B2CFBE331000B1210 /* Base */; };
		A17BC40E2CFBE333000B1210 /* Assets.xcassets in Resources */ = {isa = PBXBuildFile; fileRef = A17BC40D2CFBE333000B1210 /* Assets.xcassets */; };
		A17BC4112CFBE333000B1210 /* Base in Resources */ = {isa = PBXBuildFile; fileRef = A17BC4102CFBE333000B1210 /* Base */; };
		A17BC4782CFBE596000B1210 /* LogInView.swift in Sources */ = {isa = PBXBuildFile; fileRef = A17BC45B2CFBE596000B1210 /* LogInView.swift */; };
		A17BC4792CFBE596000B1210 /* LogInFirebaseManager.swift in Sources */ = {isa = PBXBuildFile; fileRef = A17BC45D2CFBE596000B1210 /* LogInFirebaseManager.swift */; };
		A17BC47A2CFBE596000B1210 /* ViewController.swift in Sources */ = {isa = PBXBuildFile; fileRef = A17BC45E2CFBE596000B1210 /* ViewController.swift */; };
		A17BC47B2CFBE596000B1210 /* MainView.swift in Sources */ = {isa = PBXBuildFile; fileRef = A17BC4602CFBE596000B1210 /* MainView.swift */; };
		A17BC47D2CFBE596000B1210 /* MainViewController.swift in Sources */ = {isa = PBXBuildFile; fileRef = A17BC4632CFBE596000B1210 /* MainViewController.swift */; };
		A17BC47E2CFBE596000B1210 /* RegisterView.swift in Sources */ = {isa = PBXBuildFile; fileRef = A17BC4652CFBE596000B1210 /* RegisterView.swift */; };
		A17BC47F2CFBE596000B1210 /* RegisterFirebaseManager.swift in Sources */ = {isa = PBXBuildFile; fileRef = A17BC4672CFBE596000B1210 /* RegisterFirebaseManager.swift */; };
		A17BC4802CFBE596000B1210 /* RegisterViewController.swift in Sources */ = {isa = PBXBuildFile; fileRef = A17BC4682CFBE596000B1210 /* RegisterViewController.swift */; };
		A17BC4822CFBE596000B1210 /* User.swift in Sources */ = {isa = PBXBuildFile; fileRef = A17BC46B2CFBE596000B1210 /* User.swift */; };
		A17BC4BF2CFC1F4F000B1210 /* ProfileViewController.swift in Sources */ = {isa = PBXBuildFile; fileRef = A17BC4BE2CFC1F4F000B1210 /* ProfileViewController.swift */; };
		A17BC4C12CFC1F60000B1210 /* ProfileView.swift in Sources */ = {isa = PBXBuildFile; fileRef = A17BC4C02CFC1F60000B1210 /* ProfileView.swift */; };
		A17BC4C62CFCF83B000B1210 /* CreateViewController.swift in Sources */ = {isa = PBXBuildFile; fileRef = A17BC4C52CFCF83B000B1210 /* CreateViewController.swift */; };
		A17BC4C82CFCF890000B1210 /* CreateView.swift in Sources */ = {isa = PBXBuildFile; fileRef = A17BC4C72CFCF890000B1210 /* CreateView.swift */; };
		A17BC4CA2CFD2581000B1210 /* ProfileViewCell.swift in Sources */ = {isa = PBXBuildFile; fileRef = A17BC4C92CFD2581000B1210 /* ProfileViewCell.swift */; };
		A17BC4CD2CFD4B36000B1210 /* DisplayView.swift in Sources */ = {isa = PBXBuildFile; fileRef = A17BC4CC2CFD4B36000B1210 /* DisplayView.swift */; };
		A17BC4CF2CFD4B72000B1210 /* DisplayViewController.swift in Sources */ = {isa = PBXBuildFile; fileRef = A17BC4CE2CFD4B72000B1210 /* DisplayViewController.swift */; };
		F35CFEA92CFF721700D4204E /* tmp.swift in Sources */ = {isa = PBXBuildFile; fileRef = F35CFEA82CFF721700D4204E /* tmp.swift */; };
		F3B589812CFF4FBC00035DA7 /* FirebaseAuth in Frameworks */ = {isa = PBXBuildFile; productRef = F3B589802CFF4FBC00035DA7 /* FirebaseAuth */; };
		F3B589832CFF4FBC00035DA7 /* FirebaseCore in Frameworks */ = {isa = PBXBuildFile; productRef = F3B589822CFF4FBC00035DA7 /* FirebaseCore */; };
		F3B589852CFF4FBC00035DA7 /* FirebaseDatabase in Frameworks */ = {isa = PBXBuildFile; productRef = F3B589842CFF4FBC00035DA7 /* FirebaseDatabase */; };
		F3B589872CFF4FBC00035DA7 /* FirebaseFirestore in Frameworks */ = {isa = PBXBuildFile; productRef = F3B589862CFF4FBC00035DA7 /* FirebaseFirestore */; };
		F3B589892CFF4FBC00035DA7 /* FirebaseStorage in Frameworks */ = {isa = PBXBuildFile; productRef = F3B589882CFF4FBC00035DA7 /* FirebaseStorage */; };
		F3CA3EDB2CFEF1C600FCCC1E /* GoogleService-Info.plist in Resources */ = {isa = PBXBuildFile; fileRef = F3CA3EDA2CFEF1C600FCCC1E /* GoogleService-Info.plist */; };
		F3CA3EDD2CFEF1D800FCCC1E /* Keys.swift in Sources */ = {isa = PBXBuildFile; fileRef = F3CA3EDC2CFEF1D800FCCC1E /* Keys.swift */; };
/* End PBXBuildFile section */

/* Begin PBXFileReference section */
		3C9214A2A5CE46AA89454719 /* Pods-sweat-social.release.xcconfig */ = {isa = PBXFileReference; includeInIndex = 1; lastKnownFileType = text.xcconfig; name = "Pods-sweat-social.release.xcconfig"; path = "Target Support Files/Pods-sweat-social/Pods-sweat-social.release.xcconfig"; sourceTree = "<group>"; };
		3F7F9EEE80D4532A1972856A /* Pods_sweat_social.framework */ = {isa = PBXFileReference; explicitFileType = wrapper.framework; includeInIndex = 0; path = Pods_sweat_social.framework; sourceTree = BUILT_PRODUCTS_DIR; };
		A17BC4012CFBE331000B1210 /* sweat-social.app */ = {isa = PBXFileReference; explicitFileType = wrapper.application; includeInIndex = 0; path = "sweat-social.app"; sourceTree = BUILT_PRODUCTS_DIR; };
		A17BC4042CFBE331000B1210 /* AppDelegate.swift */ = {isa = PBXFileReference; lastKnownFileType = sourcecode.swift; path = AppDelegate.swift; sourceTree = "<group>"; };
		A17BC4062CFBE331000B1210 /* SceneDelegate.swift */ = {isa = PBXFileReference; lastKnownFileType = sourcecode.swift; path = SceneDelegate.swift; sourceTree = "<group>"; };
		A17BC40B2CFBE331000B1210 /* Base */ = {isa = PBXFileReference; lastKnownFileType = file.storyboard; name = Base; path = Base.lproj/Main.storyboard; sourceTree = "<group>"; };
		A17BC40D2CFBE333000B1210 /* Assets.xcassets */ = {isa = PBXFileReference; lastKnownFileType = folder.assetcatalog; path = Assets.xcassets; sourceTree = "<group>"; };
		A17BC4102CFBE333000B1210 /* Base */ = {isa = PBXFileReference; lastKnownFileType = file.storyboard; name = Base; path = Base.lproj/LaunchScreen.storyboard; sourceTree = "<group>"; };
		A17BC4122CFBE333000B1210 /* Info.plist */ = {isa = PBXFileReference; lastKnownFileType = text.plist.xml; path = Info.plist; sourceTree = "<group>"; };
		A17BC45B2CFBE596000B1210 /* LogInView.swift */ = {isa = PBXFileReference; fileEncoding = 4; lastKnownFileType = sourcecode.swift; path = LogInView.swift; sourceTree = "<group>"; };
		A17BC45D2CFBE596000B1210 /* LogInFirebaseManager.swift */ = {isa = PBXFileReference; fileEncoding = 4; lastKnownFileType = sourcecode.swift; path = LogInFirebaseManager.swift; sourceTree = "<group>"; };
		A17BC45E2CFBE596000B1210 /* ViewController.swift */ = {isa = PBXFileReference; fileEncoding = 4; lastKnownFileType = sourcecode.swift; path = ViewController.swift; sourceTree = "<group>"; };
		A17BC4602CFBE596000B1210 /* MainView.swift */ = {isa = PBXFileReference; fileEncoding = 4; lastKnownFileType = sourcecode.swift; path = MainView.swift; sourceTree = "<group>"; };
		A17BC4632CFBE596000B1210 /* MainViewController.swift */ = {isa = PBXFileReference; fileEncoding = 4; lastKnownFileType = sourcecode.swift; path = MainViewController.swift; sourceTree = "<group>"; };
		A17BC4652CFBE596000B1210 /* RegisterView.swift */ = {isa = PBXFileReference; fileEncoding = 4; lastKnownFileType = sourcecode.swift; path = RegisterView.swift; sourceTree = "<group>"; };
		A17BC4672CFBE596000B1210 /* RegisterFirebaseManager.swift */ = {isa = PBXFileReference; fileEncoding = 4; lastKnownFileType = sourcecode.swift; path = RegisterFirebaseManager.swift; sourceTree = "<group>"; };
		A17BC4682CFBE596000B1210 /* RegisterViewController.swift */ = {isa = PBXFileReference; fileEncoding = 4; lastKnownFileType = sourcecode.swift; path = RegisterViewController.swift; sourceTree = "<group>"; };
		A17BC46B2CFBE596000B1210 /* User.swift */ = {isa = PBXFileReference; fileEncoding = 4; lastKnownFileType = sourcecode.swift; path = User.swift; sourceTree = "<group>"; };
		A17BC4BE2CFC1F4F000B1210 /* ProfileViewController.swift */ = {isa = PBXFileReference; lastKnownFileType = sourcecode.swift; path = ProfileViewController.swift; sourceTree = "<group>"; };
		A17BC4C02CFC1F60000B1210 /* ProfileView.swift */ = {isa = PBXFileReference; lastKnownFileType = sourcecode.swift; path = ProfileView.swift; sourceTree = "<group>"; };
		A17BC4C52CFCF83B000B1210 /* CreateViewController.swift */ = {isa = PBXFileReference; lastKnownFileType = sourcecode.swift; path = CreateViewController.swift; sourceTree = "<group>"; };
		A17BC4C72CFCF890000B1210 /* CreateView.swift */ = {isa = PBXFileReference; lastKnownFileType = sourcecode.swift; path = CreateView.swift; sourceTree = "<group>"; };
		A17BC4C92CFD2581000B1210 /* ProfileViewCell.swift */ = {isa = PBXFileReference; lastKnownFileType = sourcecode.swift; path = ProfileViewCell.swift; sourceTree = "<group>"; };
		A17BC4CC2CFD4B36000B1210 /* DisplayView.swift */ = {isa = PBXFileReference; lastKnownFileType = sourcecode.swift; path = DisplayView.swift; sourceTree = "<group>"; };
		A17BC4CE2CFD4B72000B1210 /* DisplayViewController.swift */ = {isa = PBXFileReference; lastKnownFileType = sourcecode.swift; path = DisplayViewController.swift; sourceTree = "<group>"; };
		F12445F0AC6A232187A17867 /* Pods-sweat-social.debug.xcconfig */ = {isa = PBXFileReference; includeInIndex = 1; lastKnownFileType = text.xcconfig; name = "Pods-sweat-social.debug.xcconfig"; path = "Target Support Files/Pods-sweat-social/Pods-sweat-social.debug.xcconfig"; sourceTree = "<group>"; };
		F35CFEA82CFF721700D4204E /* tmp.swift */ = {isa = PBXFileReference; lastKnownFileType = sourcecode.swift; path = tmp.swift; sourceTree = "<group>"; };
		F3CA3EDA2CFEF1C600FCCC1E /* GoogleService-Info.plist */ = {isa = PBXFileReference; fileEncoding = 4; lastKnownFileType = text.plist.xml; path = "GoogleService-Info.plist"; sourceTree = "<group>"; };
		F3CA3EDC2CFEF1D800FCCC1E /* Keys.swift */ = {isa = PBXFileReference; fileEncoding = 4; lastKnownFileType = sourcecode.swift; path = Keys.swift; sourceTree = "<group>"; };
/* End PBXFileReference section */

/* Begin PBXFrameworksBuildPhase section */
		A17BC3FE2CFBE331000B1210 /* Frameworks */ = {
			isa = PBXFrameworksBuildPhase;
			buildActionMask = 2147483647;
			files = (
				3224AD1FE9AF101C1D8A66E3 /* Pods_sweat_social.framework in Frameworks */,
				F3B589832CFF4FBC00035DA7 /* FirebaseCore in Frameworks */,
				F3B589852CFF4FBC00035DA7 /* FirebaseDatabase in Frameworks */,
				F3B589872CFF4FBC00035DA7 /* FirebaseFirestore in Frameworks */,
				F3B589812CFF4FBC00035DA7 /* FirebaseAuth in Frameworks */,
				F3B589892CFF4FBC00035DA7 /* FirebaseStorage in Frameworks */,
			);
			runOnlyForDeploymentPostprocessing = 0;
		};
/* End PBXFrameworksBuildPhase section */

/* Begin PBXGroup section */
		058E8145B1C719E68DFFA9E8 /* Frameworks */ = {
			isa = PBXGroup;
			children = (
				3F7F9EEE80D4532A1972856A /* Pods_sweat_social.framework */,
			);
			name = Frameworks;
			sourceTree = "<group>";
		};
		9223B21C152639BD9C7F0EFA /* Pods */ = {
			isa = PBXGroup;
			children = (
				F12445F0AC6A232187A17867 /* Pods-sweat-social.debug.xcconfig */,
				3C9214A2A5CE46AA89454719 /* Pods-sweat-social.release.xcconfig */,
			);
			path = Pods;
			sourceTree = "<group>";
		};
		A17BC3F82CFBE331000B1210 = {
			isa = PBXGroup;
			children = (
				F3CA3EDA2CFEF1C600FCCC1E /* GoogleService-Info.plist */,
				A17BC4032CFBE331000B1210 /* sweat-social */,
				A17BC4022CFBE331000B1210 /* Products */,
				9223B21C152639BD9C7F0EFA /* Pods */,
				058E8145B1C719E68DFFA9E8 /* Frameworks */,
			);
			sourceTree = "<group>";
		};
		A17BC4022CFBE331000B1210 /* Products */ = {
			isa = PBXGroup;
			children = (
				A17BC4012CFBE331000B1210 /* sweat-social.app */,
			);
			name = Products;
			sourceTree = "<group>";
		};
		A17BC4032CFBE331000B1210 /* sweat-social */ = {
			isa = PBXGroup;
			children = (
				A17BC4CB2CFD4B10000B1210 /* DisplayView */,
				A17BC4C22CFCF7C8000B1210 /* CreatePost */,
				A17BC4BD2CFC1EB1000B1210 /* ProfileScreen */,
				A17BC45F2CFBE596000B1210 /* FirstScreen */,
				A17BC4642CFBE596000B1210 /* MainScreen */,
				A17BC4692CFBE596000B1210 /* Register */,
				A17BC46C2CFBE596000B1210 /* Utilities */,
				A17BC4042CFBE331000B1210 /* AppDelegate.swift */,
				A17BC4062CFBE331000B1210 /* SceneDelegate.swift */,
				A17BC40A2CFBE331000B1210 /* Main.storyboard */,
				A17BC40D2CFBE333000B1210 /* Assets.xcassets */,
				A17BC40F2CFBE333000B1210 /* LaunchScreen.storyboard */,
				A17BC4122CFBE333000B1210 /* Info.plist */,
			);
			path = "sweat-social";
			sourceTree = "<group>";
		};
		A17BC45C2CFBE596000B1210 /* Views */ = {
			isa = PBXGroup;
			children = (
				A17BC45B2CFBE596000B1210 /* LogInView.swift */,
			);
			path = Views;
			sourceTree = "<group>";
		};
		A17BC45F2CFBE596000B1210 /* FirstScreen */ = {
			isa = PBXGroup;
			children = (
				A17BC45C2CFBE596000B1210 /* Views */,
				A17BC45D2CFBE596000B1210 /* LogInFirebaseManager.swift */,
				A17BC45E2CFBE596000B1210 /* ViewController.swift */,
			);
			path = FirstScreen;
			sourceTree = "<group>";
		};
		A17BC4622CFBE596000B1210 /* Views */ = {
			isa = PBXGroup;
			children = (
				A17BC4602CFBE596000B1210 /* MainView.swift */,
			);
			path = Views;
			sourceTree = "<group>";
		};
		A17BC4642CFBE596000B1210 /* MainScreen */ = {
			isa = PBXGroup;
			children = (
				A17BC4622CFBE596000B1210 /* Views */,
				A17BC4632CFBE596000B1210 /* MainViewController.swift */,
			);
			path = MainScreen;
			sourceTree = "<group>";
		};
		A17BC4662CFBE596000B1210 /* Views */ = {
			isa = PBXGroup;
			children = (
				A17BC4652CFBE596000B1210 /* RegisterView.swift */,
			);
			path = Views;
			sourceTree = "<group>";
		};
		A17BC4692CFBE596000B1210 /* Register */ = {
			isa = PBXGroup;
			children = (
				A17BC4662CFBE596000B1210 /* Views */,
				A17BC4672CFBE596000B1210 /* RegisterFirebaseManager.swift */,
				A17BC4682CFBE596000B1210 /* RegisterViewController.swift */,
			);
			path = Register;
			sourceTree = "<group>";
		};
		A17BC46C2CFBE596000B1210 /* Utilities */ = {
			isa = PBXGroup;
			children = (
				F3CA3EDC2CFEF1D800FCCC1E /* Keys.swift */,
				A17BC46B2CFBE596000B1210 /* User.swift */,
				F35CFEA82CFF721700D4204E /* tmp.swift */,
			);
			path = Utilities;
			sourceTree = "<group>";
		};
		A17BC4BD2CFC1EB1000B1210 /* ProfileScreen */ = {
			isa = PBXGroup;
			children = (
				A17BC4BE2CFC1F4F000B1210 /* ProfileViewController.swift */,
				A17BC4C02CFC1F60000B1210 /* ProfileView.swift */,
				A17BC4C92CFD2581000B1210 /* ProfileViewCell.swift */,
			);
			path = ProfileScreen;
			sourceTree = "<group>";
		};
		A17BC4C22CFCF7C8000B1210 /* CreatePost */ = {
			isa = PBXGroup;
			children = (
				A17BC4C52CFCF83B000B1210 /* CreateViewController.swift */,
				A17BC4C72CFCF890000B1210 /* CreateView.swift */,
			);
			path = CreatePost;
			sourceTree = "<group>";
		};
		A17BC4CB2CFD4B10000B1210 /* DisplayView */ = {
			isa = PBXGroup;
			children = (
				A17BC4CC2CFD4B36000B1210 /* DisplayView.swift */,
				A17BC4CE2CFD4B72000B1210 /* DisplayViewController.swift */,
			);
			path = DisplayView;
			sourceTree = "<group>";
		};
/* End PBXGroup section */

/* Begin PBXNativeTarget section */
		A17BC4002CFBE331000B1210 /* sweat-social */ = {
			isa = PBXNativeTarget;
			buildConfigurationList = A17BC4152CFBE333000B1210 /* Build configuration list for PBXNativeTarget "sweat-social" */;
			buildPhases = (
				DB1A1BAD3B29690116688584 /* [CP] Check Pods Manifest.lock */,
				A17BC3FD2CFBE331000B1210 /* Sources */,
				A17BC3FE2CFBE331000B1210 /* Frameworks */,
				A17BC3FF2CFBE331000B1210 /* Resources */,
				86DEDA5C0CF3B6E6F70D0503 /* [CP] Embed Pods Frameworks */,
			);
			buildRules = (
			);
			dependencies = (
			);
			name = "sweat-social";
			packageProductDependencies = (
				F3B589802CFF4FBC00035DA7 /* FirebaseAuth */,
				F3B589822CFF4FBC00035DA7 /* FirebaseCore */,
				F3B589842CFF4FBC00035DA7 /* FirebaseDatabase */,
				F3B589862CFF4FBC00035DA7 /* FirebaseFirestore */,
				F3B589882CFF4FBC00035DA7 /* FirebaseStorage */,
			);
			productName = "sweat-social";
			productReference = A17BC4012CFBE331000B1210 /* sweat-social.app */;
			productType = "com.apple.product-type.application";
		};
/* End PBXNativeTarget section */

/* Begin PBXProject section */
		A17BC3F92CFBE331000B1210 /* Project object */ = {
			isa = PBXProject;
			attributes = {
				BuildIndependentTargetsInParallel = 1;
				LastSwiftUpdateCheck = 1540;
				LastUpgradeCheck = 1540;
				TargetAttributes = {
					A17BC4002CFBE331000B1210 = {
						CreatedOnToolsVersion = 15.4;
					};
				};
			};
			buildConfigurationList = A17BC3FC2CFBE331000B1210 /* Build configuration list for PBXProject "sweat-social" */;
			compatibilityVersion = "Xcode 14.0";
			developmentRegion = en;
			hasScannedForEncodings = 0;
			knownRegions = (
				en,
				Base,
			);
			mainGroup = A17BC3F82CFBE331000B1210;
			packageReferences = (
				F3B5897F2CFF4FBC00035DA7 /* XCRemoteSwiftPackageReference "firebase-ios-sdk" */,
			);
			productRefGroup = A17BC4022CFBE331000B1210 /* Products */;
			projectDirPath = "";
			projectRoot = "";
			targets = (
				A17BC4002CFBE331000B1210 /* sweat-social */,
			);
		};
/* End PBXProject section */

/* Begin PBXResourcesBuildPhase section */
		A17BC3FF2CFBE331000B1210 /* Resources */ = {
			isa = PBXResourcesBuildPhase;
			buildActionMask = 2147483647;
			files = (
				A17BC40E2CFBE333000B1210 /* Assets.xcassets in Resources */,
				A17BC4112CFBE333000B1210 /* Base in Resources */,
				F3CA3EDB2CFEF1C600FCCC1E /* GoogleService-Info.plist in Resources */,
				A17BC40C2CFBE331000B1210 /* Base in Resources */,
			);
			runOnlyForDeploymentPostprocessing = 0;
		};
/* End PBXResourcesBuildPhase section */

/* Begin PBXShellScriptBuildPhase section */
		86DEDA5C0CF3B6E6F70D0503 /* [CP] Embed Pods Frameworks */ = {
			isa = PBXShellScriptBuildPhase;
			buildActionMask = 2147483647;
			files = (
			);
			inputFileListPaths = (
				"${PODS_ROOT}/Target Support Files/Pods-sweat-social/Pods-sweat-social-frameworks-${CONFIGURATION}-input-files.xcfilelist",
			);
			name = "[CP] Embed Pods Frameworks";
			outputFileListPaths = (
				"${PODS_ROOT}/Target Support Files/Pods-sweat-social/Pods-sweat-social-frameworks-${CONFIGURATION}-output-files.xcfilelist",
			);
			runOnlyForDeploymentPostprocessing = 0;
			shellPath = /bin/sh;
			shellScript = "\"${PODS_ROOT}/Target Support Files/Pods-sweat-social/Pods-sweat-social-frameworks.sh\"\n";
			showEnvVarsInLog = 0;
		};
		DB1A1BAD3B29690116688584 /* [CP] Check Pods Manifest.lock */ = {
			isa = PBXShellScriptBuildPhase;
			buildActionMask = 2147483647;
			files = (
			);
			inputFileListPaths = (
			);
			inputPaths = (
				"${PODS_PODFILE_DIR_PATH}/Podfile.lock",
				"${PODS_ROOT}/Manifest.lock",
			);
			name = "[CP] Check Pods Manifest.lock";
			outputFileListPaths = (
			);
			outputPaths = (
				"$(DERIVED_FILE_DIR)/Pods-sweat-social-checkManifestLockResult.txt",
			);
			runOnlyForDeploymentPostprocessing = 0;
			shellPath = /bin/sh;
			shellScript = "diff \"${PODS_PODFILE_DIR_PATH}/Podfile.lock\" \"${PODS_ROOT}/Manifest.lock\" > /dev/null\nif [ $? != 0 ] ; then\n    # print error to STDERR\n    echo \"error: The sandbox is not in sync with the Podfile.lock. Run 'pod install' or update your CocoaPods installation.\" >&2\n    exit 1\nfi\n# This output is used by Xcode 'outputs' to avoid re-running this script phase.\necho \"SUCCESS\" > \"${SCRIPT_OUTPUT_FILE_0}\"\n";
			showEnvVarsInLog = 0;
		};
/* End PBXShellScriptBuildPhase section */

/* Begin PBXSourcesBuildPhase section */
		A17BC3FD2CFBE331000B1210 /* Sources */ = {
			isa = PBXSourcesBuildPhase;
			buildActionMask = 2147483647;
			files = (
				A17BC4C12CFC1F60000B1210 /* ProfileView.swift in Sources */,
				A17BC4782CFBE596000B1210 /* LogInView.swift in Sources */,
				A17BC47E2CFBE596000B1210 /* RegisterView.swift in Sources */,
				A17BC4792CFBE596000B1210 /* LogInFirebaseManager.swift in Sources */,
				A17BC47D2CFBE596000B1210 /* MainViewController.swift in Sources */,
				F35CFEA92CFF721700D4204E /* tmp.swift in Sources */,
				A17BC47B2CFBE596000B1210 /* MainView.swift in Sources */,
				A17BC4802CFBE596000B1210 /* RegisterViewController.swift in Sources */,
				A17BC4CF2CFD4B72000B1210 /* DisplayViewController.swift in Sources */,
				F3CA3EDD2CFEF1D800FCCC1E /* Keys.swift in Sources */,
				A17BC4C62CFCF83B000B1210 /* CreateViewController.swift in Sources */,
				A17BC4822CFBE596000B1210 /* User.swift in Sources */,
				A17BC4CA2CFD2581000B1210 /* ProfileViewCell.swift in Sources */,
				A17BC4C82CFCF890000B1210 /* CreateView.swift in Sources */,
				A17BC4CD2CFD4B36000B1210 /* DisplayView.swift in Sources */,
				A17BC47F2CFBE596000B1210 /* RegisterFirebaseManager.swift in Sources */,
				A17BC47A2CFBE596000B1210 /* ViewController.swift in Sources */,
				A17BC4BF2CFC1F4F000B1210 /* ProfileViewController.swift in Sources */,
				A17BC4052CFBE331000B1210 /* AppDelegate.swift in Sources */,
				A17BC4072CFBE331000B1210 /* SceneDelegate.swift in Sources */,
			);
			runOnlyForDeploymentPostprocessing = 0;
		};
/* End PBXSourcesBuildPhase section */

/* Begin PBXVariantGroup section */
		A17BC40A2CFBE331000B1210 /* Main.storyboard */ = {
			isa = PBXVariantGroup;
			children = (
				A17BC40B2CFBE331000B1210 /* Base */,
			);
			name = Main.storyboard;
			sourceTree = "<group>";
		};
		A17BC40F2CFBE333000B1210 /* LaunchScreen.storyboard */ = {
			isa = PBXVariantGroup;
			children = (
				A17BC4102CFBE333000B1210 /* Base */,
			);
			name = LaunchScreen.storyboard;
			sourceTree = "<group>";
		};
/* End PBXVariantGroup section */

/* Begin XCBuildConfiguration section */
		A17BC4132CFBE333000B1210 /* Debug */ = {
			isa = XCBuildConfiguration;
			buildSettings = {
				ALWAYS_SEARCH_USER_PATHS = NO;
				ASSETCATALOG_COMPILER_GENERATE_SWIFT_ASSET_SYMBOL_EXTENSIONS = YES;
				CLANG_ANALYZER_NONNULL = YES;
				CLANG_ANALYZER_NUMBER_OBJECT_CONVERSION = YES_AGGRESSIVE;
				CLANG_CXX_LANGUAGE_STANDARD = "gnu++20";
				CLANG_ENABLE_MODULES = YES;
				CLANG_ENABLE_OBJC_ARC = YES;
				CLANG_ENABLE_OBJC_WEAK = YES;
				CLANG_WARN_BLOCK_CAPTURE_AUTORELEASING = YES;
				CLANG_WARN_BOOL_CONVERSION = YES;
				CLANG_WARN_COMMA = YES;
				CLANG_WARN_CONSTANT_CONVERSION = YES;
				CLANG_WARN_DEPRECATED_OBJC_IMPLEMENTATIONS = YES;
				CLANG_WARN_DIRECT_OBJC_ISA_USAGE = YES_ERROR;
				CLANG_WARN_DOCUMENTATION_COMMENTS = YES;
				CLANG_WARN_EMPTY_BODY = YES;
				CLANG_WARN_ENUM_CONVERSION = YES;
				CLANG_WARN_INFINITE_RECURSION = YES;
				CLANG_WARN_INT_CONVERSION = YES;
				CLANG_WARN_NON_LITERAL_NULL_CONVERSION = YES;
				CLANG_WARN_OBJC_IMPLICIT_RETAIN_SELF = YES;
				CLANG_WARN_OBJC_LITERAL_CONVERSION = YES;
				CLANG_WARN_OBJC_ROOT_CLASS = YES_ERROR;
				CLANG_WARN_QUOTED_INCLUDE_IN_FRAMEWORK_HEADER = YES;
				CLANG_WARN_RANGE_LOOP_ANALYSIS = YES;
				CLANG_WARN_STRICT_PROTOTYPES = YES;
				CLANG_WARN_SUSPICIOUS_MOVE = YES;
				CLANG_WARN_UNGUARDED_AVAILABILITY = YES_AGGRESSIVE;
				CLANG_WARN_UNREACHABLE_CODE = YES;
				CLANG_WARN__DUPLICATE_METHOD_MATCH = YES;
				COPY_PHASE_STRIP = NO;
				DEBUG_INFORMATION_FORMAT = dwarf;
				ENABLE_STRICT_OBJC_MSGSEND = YES;
				ENABLE_TESTABILITY = YES;
				ENABLE_USER_SCRIPT_SANDBOXING = NO;
				GCC_C_LANGUAGE_STANDARD = gnu17;
				GCC_DYNAMIC_NO_PIC = NO;
				GCC_NO_COMMON_BLOCKS = YES;
				GCC_OPTIMIZATION_LEVEL = 0;
				GCC_PREPROCESSOR_DEFINITIONS = (
					"DEBUG=1",
					"$(inherited)",
				);
				GCC_WARN_64_TO_32_BIT_CONVERSION = YES;
				GCC_WARN_ABOUT_RETURN_TYPE = YES_ERROR;
				GCC_WARN_UNDECLARED_SELECTOR = YES;
				GCC_WARN_UNINITIALIZED_AUTOS = YES_AGGRESSIVE;
				GCC_WARN_UNUSED_FUNCTION = YES;
				GCC_WARN_UNUSED_VARIABLE = YES;
				IPHONEOS_DEPLOYMENT_TARGET = 17.5;
				LOCALIZATION_PREFERS_STRING_CATALOGS = YES;
				MTL_ENABLE_DEBUG_INFO = INCLUDE_SOURCE;
				MTL_FAST_MATH = YES;
				ONLY_ACTIVE_ARCH = YES;
				SDKROOT = iphoneos;
				SWIFT_ACTIVE_COMPILATION_CONDITIONS = "DEBUG $(inherited)";
				SWIFT_OPTIMIZATION_LEVEL = "-Onone";
			};
			name = Debug;
		};
		A17BC4142CFBE333000B1210 /* Release */ = {
			isa = XCBuildConfiguration;
			buildSettings = {
				ALWAYS_SEARCH_USER_PATHS = NO;
				ASSETCATALOG_COMPILER_GENERATE_SWIFT_ASSET_SYMBOL_EXTENSIONS = YES;
				CLANG_ANALYZER_NONNULL = YES;
				CLANG_ANALYZER_NUMBER_OBJECT_CONVERSION = YES_AGGRESSIVE;
				CLANG_CXX_LANGUAGE_STANDARD = "gnu++20";
				CLANG_ENABLE_MODULES = YES;
				CLANG_ENABLE_OBJC_ARC = YES;
				CLANG_ENABLE_OBJC_WEAK = YES;
				CLANG_WARN_BLOCK_CAPTURE_AUTORELEASING = YES;
				CLANG_WARN_BOOL_CONVERSION = YES;
				CLANG_WARN_COMMA = YES;
				CLANG_WARN_CONSTANT_CONVERSION = YES;
				CLANG_WARN_DEPRECATED_OBJC_IMPLEMENTATIONS = YES;
				CLANG_WARN_DIRECT_OBJC_ISA_USAGE = YES_ERROR;
				CLANG_WARN_DOCUMENTATION_COMMENTS = YES;
				CLANG_WARN_EMPTY_BODY = YES;
				CLANG_WARN_ENUM_CONVERSION = YES;
				CLANG_WARN_INFINITE_RECURSION = YES;
				CLANG_WARN_INT_CONVERSION = YES;
				CLANG_WARN_NON_LITERAL_NULL_CONVERSION = YES;
				CLANG_WARN_OBJC_IMPLICIT_RETAIN_SELF = YES;
				CLANG_WARN_OBJC_LITERAL_CONVERSION = YES;
				CLANG_WARN_OBJC_ROOT_CLASS = YES_ERROR;
				CLANG_WARN_QUOTED_INCLUDE_IN_FRAMEWORK_HEADER = YES;
				CLANG_WARN_RANGE_LOOP_ANALYSIS = YES;
				CLANG_WARN_STRICT_PROTOTYPES = YES;
				CLANG_WARN_SUSPICIOUS_MOVE = YES;
				CLANG_WARN_UNGUARDED_AVAILABILITY = YES_AGGRESSIVE;
				CLANG_WARN_UNREACHABLE_CODE = YES;
				CLANG_WARN__DUPLICATE_METHOD_MATCH = YES;
				COPY_PHASE_STRIP = NO;
				DEBUG_INFORMATION_FORMAT = "dwarf-with-dsym";
				ENABLE_NS_ASSERTIONS = NO;
				ENABLE_STRICT_OBJC_MSGSEND = YES;
				ENABLE_USER_SCRIPT_SANDBOXING = NO;
				GCC_C_LANGUAGE_STANDARD = gnu17;
				GCC_NO_COMMON_BLOCKS = YES;
				GCC_WARN_64_TO_32_BIT_CONVERSION = YES;
				GCC_WARN_ABOUT_RETURN_TYPE = YES_ERROR;
				GCC_WARN_UNDECLARED_SELECTOR = YES;
				GCC_WARN_UNINITIALIZED_AUTOS = YES_AGGRESSIVE;
				GCC_WARN_UNUSED_FUNCTION = YES;
				GCC_WARN_UNUSED_VARIABLE = YES;
				IPHONEOS_DEPLOYMENT_TARGET = 17.5;
				LOCALIZATION_PREFERS_STRING_CATALOGS = YES;
				MTL_ENABLE_DEBUG_INFO = NO;
				MTL_FAST_MATH = YES;
				SDKROOT = iphoneos;
				SWIFT_COMPILATION_MODE = wholemodule;
				VALIDATE_PRODUCT = YES;
			};
			name = Release;
		};
		A17BC4162CFBE333000B1210 /* Debug */ = {
			isa = XCBuildConfiguration;
			baseConfigurationReference = F12445F0AC6A232187A17867 /* Pods-sweat-social.debug.xcconfig */;
			buildSettings = {
				ASSETCATALOG_COMPILER_APPICON_NAME = AppIcon;
				ASSETCATALOG_COMPILER_GLOBAL_ACCENT_COLOR_NAME = AccentColor;
				CODE_SIGN_STYLE = Automatic;
				CURRENT_PROJECT_VERSION = 1;
				DEVELOPMENT_TEAM = 9FL9HQB933;
				GENERATE_INFOPLIST_FILE = YES;
				INFOPLIST_FILE = "sweat-social/Info.plist";
				INFOPLIST_KEY_UIApplicationSupportsIndirectInputEvents = YES;
				INFOPLIST_KEY_UILaunchStoryboardName = LaunchScreen;
				INFOPLIST_KEY_UIMainStoryboardFile = Main;
				INFOPLIST_KEY_UISupportedInterfaceOrientations_iPad = "UIInterfaceOrientationPortrait UIInterfaceOrientationPortraitUpsideDown UIInterfaceOrientationLandscapeLeft UIInterfaceOrientationLandscapeRight";
				INFOPLIST_KEY_UISupportedInterfaceOrientations_iPhone = "UIInterfaceOrientationPortrait UIInterfaceOrientationLandscapeLeft UIInterfaceOrientationLandscapeRight";
				LD_RUNPATH_SEARCH_PATHS = (
					"$(inherited)",
					"@executable_path/Frameworks",
				);
				MARKETING_VERSION = 1.0;
				PRODUCT_BUNDLE_IDENTIFIER = "com.nuios.sweat-social";
				PRODUCT_NAME = "$(TARGET_NAME)";
				SWIFT_EMIT_LOC_STRINGS = YES;
				SWIFT_VERSION = 5.0;
				TARGETED_DEVICE_FAMILY = "1,2";
			};
			name = Debug;
		};
		A17BC4172CFBE333000B1210 /* Release */ = {
			isa = XCBuildConfiguration;
			baseConfigurationReference = 3C9214A2A5CE46AA89454719 /* Pods-sweat-social.release.xcconfig */;
			buildSettings = {
				ASSETCATALOG_COMPILER_APPICON_NAME = AppIcon;
				ASSETCATALOG_COMPILER_GLOBAL_ACCENT_COLOR_NAME = AccentColor;
				CODE_SIGN_STYLE = Automatic;
				CURRENT_PROJECT_VERSION = 1;
				DEVELOPMENT_TEAM = 9FL9HQB933;
				GENERATE_INFOPLIST_FILE = YES;
				INFOPLIST_FILE = "sweat-social/Info.plist";
				INFOPLIST_KEY_UIApplicationSupportsIndirectInputEvents = YES;
				INFOPLIST_KEY_UILaunchStoryboardName = LaunchScreen;
				INFOPLIST_KEY_UIMainStoryboardFile = Main;
				INFOPLIST_KEY_UISupportedInterfaceOrientations_iPad = "UIInterfaceOrientationPortrait UIInterfaceOrientationPortraitUpsideDown UIInterfaceOrientationLandscapeLeft UIInterfaceOrientationLandscapeRight";
				INFOPLIST_KEY_UISupportedInterfaceOrientations_iPhone = "UIInterfaceOrientationPortrait UIInterfaceOrientationLandscapeLeft UIInterfaceOrientationLandscapeRight";
				LD_RUNPATH_SEARCH_PATHS = (
					"$(inherited)",
					"@executable_path/Frameworks",
				);
				MARKETING_VERSION = 1.0;
				PRODUCT_BUNDLE_IDENTIFIER = "com.nuios.sweat-social";
				PRODUCT_NAME = "$(TARGET_NAME)";
				SWIFT_EMIT_LOC_STRINGS = YES;
				SWIFT_VERSION = 5.0;
				TARGETED_DEVICE_FAMILY = "1,2";
			};
			name = Release;
		};
/* End XCBuildConfiguration section */

/* Begin XCConfigurationList section */
		A17BC3FC2CFBE331000B1210 /* Build configuration list for PBXProject "sweat-social" */ = {
			isa = XCConfigurationList;
			buildConfigurations = (
				A17BC4132CFBE333000B1210 /* Debug */,
				A17BC4142CFBE333000B1210 /* Release */,
			);
			defaultConfigurationIsVisible = 0;
			defaultConfigurationName = Release;
		};
		A17BC4152CFBE333000B1210 /* Build configuration list for PBXNativeTarget "sweat-social" */ = {
			isa = XCConfigurationList;
			buildConfigurations = (
				A17BC4162CFBE333000B1210 /* Debug */,
				A17BC4172CFBE333000B1210 /* Release */,
			);
			defaultConfigurationIsVisible = 0;
			defaultConfigurationName = Release;
		};
/* End XCConfigurationList section */

/* Begin XCRemoteSwiftPackageReference section */
		F3B5897F2CFF4FBC00035DA7 /* XCRemoteSwiftPackageReference "firebase-ios-sdk" */ = {
			isa = XCRemoteSwiftPackageReference;
			repositoryURL = "https://github.com/firebase/firebase-ios-sdk";
			requirement = {
				kind = upToNextMajorVersion;
				minimumVersion = 11.5.0;
			};
		};
/* End XCRemoteSwiftPackageReference section */

/* Begin XCSwiftPackageProductDependency section */
		F3B589802CFF4FBC00035DA7 /* FirebaseAuth */ = {
			isa = XCSwiftPackageProductDependency;
			package = F3B5897F2CFF4FBC00035DA7 /* XCRemoteSwiftPackageReference "firebase-ios-sdk" */;
			productName = FirebaseAuth;
		};
		F3B589822CFF4FBC00035DA7 /* FirebaseCore */ = {
			isa = XCSwiftPackageProductDependency;
			package = F3B5897F2CFF4FBC00035DA7 /* XCRemoteSwiftPackageReference "firebase-ios-sdk" */;
			productName = FirebaseCore;
		};
		F3B589842CFF4FBC00035DA7 /* FirebaseDatabase */ = {
			isa = XCSwiftPackageProductDependency;
			package = F3B5897F2CFF4FBC00035DA7 /* XCRemoteSwiftPackageReference "firebase-ios-sdk" */;
			productName = FirebaseDatabase;
		};
		F3B589862CFF4FBC00035DA7 /* FirebaseFirestore */ = {
			isa = XCSwiftPackageProductDependency;
			package = F3B5897F2CFF4FBC00035DA7 /* XCRemoteSwiftPackageReference "firebase-ios-sdk" */;
			productName = FirebaseFirestore;
		};
		F3B589882CFF4FBC00035DA7 /* FirebaseStorage */ = {
			isa = XCSwiftPackageProductDependency;
			package = F3B5897F2CFF4FBC00035DA7 /* XCRemoteSwiftPackageReference "firebase-ios-sdk" */;
			productName = FirebaseStorage;
		};
/* End XCSwiftPackageProductDependency section */
	};
	rootObject = A17BC3F92CFBE331000B1210 /* Project object */;
}
